// !$*UTF8*$!
{
	archiveVersion = 1;
	classes = {
	};
	objectVersion = 51;
	objects = {

/* Begin PBXBuildFile section */
		A34C3C5023570D25001FD378 /* AppDelegate.swift in Sources */ = {isa = PBXBuildFile; fileRef = A34C3C4F23570D25001FD378 /* AppDelegate.swift */; };
		A34C3C5223570D25001FD378 /* SceneDelegate.swift in Sources */ = {isa = PBXBuildFile; fileRef = A34C3C5123570D25001FD378 /* SceneDelegate.swift */; };
		A34C3C5723570D25001FD378 /* CalendarMonthly.storyboard in Resources */ = {isa = PBXBuildFile; fileRef = A34C3C5523570D25001FD378 /* CalendarMonthly.storyboard */; };
		A34C3C5A23570D25001FD378 /* iPiggy.xcdatamodeld in Sources */ = {isa = PBXBuildFile; fileRef = A34C3C5823570D25001FD378 /* iPiggy.xcdatamodeld */; };
		A34C3C5C23570D26001FD378 /* Assets.xcassets in Resources */ = {isa = PBXBuildFile; fileRef = A34C3C5B23570D26001FD378 /* Assets.xcassets */; };
		A34C3C5F23570D26001FD378 /* LaunchScreen.storyboard in Resources */ = {isa = PBXBuildFile; fileRef = A34C3C5D23570D26001FD378 /* LaunchScreen.storyboard */; };
		A34C3C672357647F001FD378 /* CalendarYearly.storyboard in Resources */ = {isa = PBXBuildFile; fileRef = A34C3C662357647F001FD378 /* CalendarYearly.storyboard */; };
		A34C3C6B235768B0001FD378 /* Achievement.storyboard in Resources */ = {isa = PBXBuildFile; fileRef = A34C3C6A235768B0001FD378 /* Achievement.storyboard */; };
		A34C3C6D235768CD001FD378 /* Main.storyboard in Resources */ = {isa = PBXBuildFile; fileRef = A34C3C6C235768CD001FD378 /* Main.storyboard */; };
		A34C3D06235D9261001FD378 /* HomepageVC.swift in Sources */ = {isa = PBXBuildFile; fileRef = A34C3D05235D9261001FD378 /* HomepageVC.swift */; };
		A34C3D0C235DD774001FD378 /* Constants.swift in Sources */ = {isa = PBXBuildFile; fileRef = A34C3D0B235DD774001FD378 /* Constants.swift */; };
		A34C3D0F235DD835001FD378 /* Methods.swift in Sources */ = {isa = PBXBuildFile; fileRef = A34C3D0E235DD835001FD378 /* Methods.swift */; };
		A34C3D18235DDCEC001FD378 /* EditFundsVC.swift in Sources */ = {isa = PBXBuildFile; fileRef = A34C3D17235DDCEC001FD378 /* EditFundsVC.swift */; };
		A34C3D1B235DE0FF001FD378 /* WishlistTableCell.swift in Sources */ = {isa = PBXBuildFile; fileRef = A34C3D1A235DE0FF001FD378 /* WishlistTableCell.swift */; };
		A34C3D1D235DE7AB001FD378 /* AchievementFormVC.swift in Sources */ = {isa = PBXBuildFile; fileRef = A34C3D1C235DE7AB001FD378 /* AchievementFormVC.swift */; };
		A34C3D1F235E8119001FD378 /* AddExpensesVC.swift in Sources */ = {isa = PBXBuildFile; fileRef = A34C3D1E235E8119001FD378 /* AddExpensesVC.swift */; };
		A34C3D44235EA184001FD378 /* HistoryTableViewCell.swift in Sources */ = {isa = PBXBuildFile; fileRef = A34C3D43235EA184001FD378 /* HistoryTableViewCell.swift */; };
		A34C3D46235EA291001FD378 /* HistoryVC.swift in Sources */ = {isa = PBXBuildFile; fileRef = A34C3D45235EA291001FD378 /* HistoryVC.swift */; };
		A34C3D49235EA34A001FD378 /* History.swift in Sources */ = {isa = PBXBuildFile; fileRef = A34C3D48235EA34A001FD378 /* History.swift */; };
		A34C3D4B235EAC48001FD378 /* Globals.swift in Sources */ = {isa = PBXBuildFile; fileRef = A34C3D4A235EAC48001FD378 /* Globals.swift */; };
		A34C3D4D235EB4A3001FD378 /* EditGoalsVC.swift in Sources */ = {isa = PBXBuildFile; fileRef = A34C3D4C235EB4A3001FD378 /* EditGoalsVC.swift */; };
		A34C3D53235EE075001FD378 /* AchievementTableCell.swift in Sources */ = {isa = PBXBuildFile; fileRef = A34C3D52235EE075001FD378 /* AchievementTableCell.swift */; };
		A34C3D55235EE650001FD378 /* AchievementVC.swift in Sources */ = {isa = PBXBuildFile; fileRef = A34C3D54235EE650001FD378 /* AchievementVC.swift */; };
		A35AEDDD236261290065963C /* YearlyAchievementTableCell.swift in Sources */ = {isa = PBXBuildFile; fileRef = A35AEDDC236261290065963C /* YearlyAchievementTableCell.swift */; };
		A35AEDE323629D6A0065963C /* MonthlyCalendarDaysCVC.swift in Sources */ = {isa = PBXBuildFile; fileRef = A35AEDE223629D6A0065963C /* MonthlyCalendarDaysCVC.swift */; };
		A35AEDE523647B9F0065963C /* MonthAchievementTableViewCell.swift in Sources */ = {isa = PBXBuildFile; fileRef = A35AEDE423647B9F0065963C /* MonthAchievementTableViewCell.swift */; };
		A37E28F8236134D90048E9F8 /* WishlistDetailsVC.swift in Sources */ = {isa = PBXBuildFile; fileRef = A37E28F7236134D90048E9F8 /* WishlistDetailsVC.swift */; };
		A37E28FB23619B660048E9F8 /* YearMonthCalendarCVC.swift in Sources */ = {isa = PBXBuildFile; fileRef = A37E28FA23619B660048E9F8 /* YearMonthCalendarCVC.swift */; };
		A37E28FF2361AD700048E9F8 /* YearDayCalendarCVC.swift in Sources */ = {isa = PBXBuildFile; fileRef = A37E28FE2361AD700048E9F8 /* YearDayCalendarCVC.swift */; };
		A37E29012361AE190048E9F8 /* YearlyCalendarVC.swift in Sources */ = {isa = PBXBuildFile; fileRef = A37E29002361AE190048E9F8 /* YearlyCalendarVC.swift */; };
		A37E29052361D0110048E9F8 /* MonthlyCalendarVC.swift in Sources */ = {isa = PBXBuildFile; fileRef = A37E29042361D0110048E9F8 /* MonthlyCalendarVC.swift */; };
		A37E29072361D06C0048E9F8 /* MonthlyCalendarCVC.swift in Sources */ = {isa = PBXBuildFile; fileRef = A37E29062361D06C0048E9F8 /* MonthlyCalendarCVC.swift */; };
		AF7186D53DABAAF6F6A3FA0A /* Pods_iPiggy.framework in Frameworks */ = {isa = PBXBuildFile; fileRef = E57A5E7D16D5AD6D2DD7C51B /* Pods_iPiggy.framework */; };
/* End PBXBuildFile section */

/* Begin PBXFileReference section */
		0C316BCED5AC8640EB5B07B8 /* Pods-iPiggy.release.xcconfig */ = {isa = PBXFileReference; includeInIndex = 1; lastKnownFileType = text.xcconfig; name = "Pods-iPiggy.release.xcconfig"; path = "Target Support Files/Pods-iPiggy/Pods-iPiggy.release.xcconfig"; sourceTree = "<group>"; };
		69DC3B38B6628B5B643C2CFB /* Pods-iPiggy.debug.xcconfig */ = {isa = PBXFileReference; includeInIndex = 1; lastKnownFileType = text.xcconfig; name = "Pods-iPiggy.debug.xcconfig"; path = "Target Support Files/Pods-iPiggy/Pods-iPiggy.debug.xcconfig"; sourceTree = "<group>"; };
		A34C3C4C23570D25001FD378 /* iPiggy.app */ = {isa = PBXFileReference; explicitFileType = wrapper.application; includeInIndex = 0; path = iPiggy.app; sourceTree = BUILT_PRODUCTS_DIR; };
		A34C3C4F23570D25001FD378 /* AppDelegate.swift */ = {isa = PBXFileReference; lastKnownFileType = sourcecode.swift; path = AppDelegate.swift; sourceTree = "<group>"; };
		A34C3C5123570D25001FD378 /* SceneDelegate.swift */ = {isa = PBXFileReference; lastKnownFileType = sourcecode.swift; path = SceneDelegate.swift; sourceTree = "<group>"; };
		A34C3C5623570D25001FD378 /* Base */ = {isa = PBXFileReference; lastKnownFileType = file.storyboard; name = Base; path = Base.lproj/CalendarMonthly.storyboard; sourceTree = "<group>"; };
		A34C3C5923570D25001FD378 /* iPiggy.xcdatamodel */ = {isa = PBXFileReference; lastKnownFileType = wrapper.xcdatamodel; path = iPiggy.xcdatamodel; sourceTree = "<group>"; };
		A34C3C5B23570D26001FD378 /* Assets.xcassets */ = {isa = PBXFileReference; lastKnownFileType = folder.assetcatalog; path = Assets.xcassets; sourceTree = "<group>"; };
		A34C3C5E23570D26001FD378 /* Base */ = {isa = PBXFileReference; lastKnownFileType = file.storyboard; name = Base; path = Base.lproj/LaunchScreen.storyboard; sourceTree = "<group>"; };
		A34C3C6023570D26001FD378 /* Info.plist */ = {isa = PBXFileReference; lastKnownFileType = text.plist.xml; path = Info.plist; sourceTree = "<group>"; };
		A34C3C662357647F001FD378 /* CalendarYearly.storyboard */ = {isa = PBXFileReference; lastKnownFileType = file.storyboard; path = CalendarYearly.storyboard; sourceTree = "<group>"; };
		A34C3C6A235768B0001FD378 /* Achievement.storyboard */ = {isa = PBXFileReference; lastKnownFileType = file.storyboard; path = Achievement.storyboard; sourceTree = "<group>"; };
		A34C3C6C235768CD001FD378 /* Main.storyboard */ = {isa = PBXFileReference; lastKnownFileType = file.storyboard; path = Main.storyboard; sourceTree = "<group>"; };
		A34C3D05235D9261001FD378 /* HomepageVC.swift */ = {isa = PBXFileReference; fileEncoding = 4; lastKnownFileType = sourcecode.swift; path = HomepageVC.swift; sourceTree = "<group>"; };
		A34C3D0B235DD774001FD378 /* Constants.swift */ = {isa = PBXFileReference; lastKnownFileType = sourcecode.swift; path = Constants.swift; sourceTree = "<group>"; };
		A34C3D0E235DD835001FD378 /* Methods.swift */ = {isa = PBXFileReference; lastKnownFileType = sourcecode.swift; path = Methods.swift; sourceTree = "<group>"; };
		A34C3D17235DDCEC001FD378 /* EditFundsVC.swift */ = {isa = PBXFileReference; lastKnownFileType = sourcecode.swift; path = EditFundsVC.swift; sourceTree = "<group>"; };
		A34C3D1A235DE0FF001FD378 /* WishlistTableCell.swift */ = {isa = PBXFileReference; lastKnownFileType = sourcecode.swift; path = WishlistTableCell.swift; sourceTree = "<group>"; };
		A34C3D1C235DE7AB001FD378 /* AchievementFormVC.swift */ = {isa = PBXFileReference; lastKnownFileType = sourcecode.swift; path = AchievementFormVC.swift; sourceTree = "<group>"; };
		A34C3D1E235E8119001FD378 /* AddExpensesVC.swift */ = {isa = PBXFileReference; lastKnownFileType = sourcecode.swift; path = AddExpensesVC.swift; sourceTree = "<group>"; };
		A34C3D43235EA184001FD378 /* HistoryTableViewCell.swift */ = {isa = PBXFileReference; lastKnownFileType = sourcecode.swift; path = HistoryTableViewCell.swift; sourceTree = "<group>"; };
		A34C3D45235EA291001FD378 /* HistoryVC.swift */ = {isa = PBXFileReference; lastKnownFileType = sourcecode.swift; path = HistoryVC.swift; sourceTree = "<group>"; };
		A34C3D48235EA34A001FD378 /* History.swift */ = {isa = PBXFileReference; lastKnownFileType = sourcecode.swift; path = History.swift; sourceTree = "<group>"; };
		A34C3D4A235EAC48001FD378 /* Globals.swift */ = {isa = PBXFileReference; lastKnownFileType = sourcecode.swift; path = Globals.swift; sourceTree = "<group>"; };
		A34C3D4C235EB4A3001FD378 /* EditGoalsVC.swift */ = {isa = PBXFileReference; lastKnownFileType = sourcecode.swift; path = EditGoalsVC.swift; sourceTree = "<group>"; };
		A34C3D52235EE075001FD378 /* AchievementTableCell.swift */ = {isa = PBXFileReference; lastKnownFileType = sourcecode.swift; path = AchievementTableCell.swift; sourceTree = "<group>"; };
		A34C3D54235EE650001FD378 /* AchievementVC.swift */ = {isa = PBXFileReference; lastKnownFileType = sourcecode.swift; path = AchievementVC.swift; sourceTree = "<group>"; };
		A35AEDDC236261290065963C /* YearlyAchievementTableCell.swift */ = {isa = PBXFileReference; lastKnownFileType = sourcecode.swift; path = YearlyAchievementTableCell.swift; sourceTree = "<group>"; };
		A35AEDE223629D6A0065963C /* MonthlyCalendarDaysCVC.swift */ = {isa = PBXFileReference; lastKnownFileType = sourcecode.swift; path = MonthlyCalendarDaysCVC.swift; sourceTree = "<group>"; };
		A35AEDE423647B9F0065963C /* MonthAchievementTableViewCell.swift */ = {isa = PBXFileReference; lastKnownFileType = sourcecode.swift; path = MonthAchievementTableViewCell.swift; sourceTree = "<group>"; };
		A37E28F7236134D90048E9F8 /* WishlistDetailsVC.swift */ = {isa = PBXFileReference; lastKnownFileType = sourcecode.swift; path = WishlistDetailsVC.swift; sourceTree = "<group>"; };
		A37E28FA23619B660048E9F8 /* YearMonthCalendarCVC.swift */ = {isa = PBXFileReference; lastKnownFileType = sourcecode.swift; path = YearMonthCalendarCVC.swift; sourceTree = "<group>"; };
		A37E28FE2361AD700048E9F8 /* YearDayCalendarCVC.swift */ = {isa = PBXFileReference; lastKnownFileType = sourcecode.swift; path = YearDayCalendarCVC.swift; sourceTree = "<group>"; };
		A37E29002361AE190048E9F8 /* YearlyCalendarVC.swift */ = {isa = PBXFileReference; lastKnownFileType = sourcecode.swift; path = YearlyCalendarVC.swift; sourceTree = "<group>"; };
		A37E29042361D0110048E9F8 /* MonthlyCalendarVC.swift */ = {isa = PBXFileReference; lastKnownFileType = sourcecode.swift; path = MonthlyCalendarVC.swift; sourceTree = "<group>"; };
		A37E29062361D06C0048E9F8 /* MonthlyCalendarCVC.swift */ = {isa = PBXFileReference; lastKnownFileType = sourcecode.swift; path = MonthlyCalendarCVC.swift; sourceTree = "<group>"; };
		E57A5E7D16D5AD6D2DD7C51B /* Pods_iPiggy.framework */ = {isa = PBXFileReference; explicitFileType = wrapper.framework; includeInIndex = 0; path = Pods_iPiggy.framework; sourceTree = BUILT_PRODUCTS_DIR; };
/* End PBXFileReference section */

/* Begin PBXFrameworksBuildPhase section */
		A34C3C4923570D25001FD378 /* Frameworks */ = {
			isa = PBXFrameworksBuildPhase;
			buildActionMask = 2147483647;
			files = (
				AF7186D53DABAAF6F6A3FA0A /* Pods_iPiggy.framework in Frameworks */,
			);
			runOnlyForDeploymentPostprocessing = 0;
		};
/* End PBXFrameworksBuildPhase section */

/* Begin PBXGroup section */
		15FD46AA9480606E3E503DFA /* Pods */ = {
			isa = PBXGroup;
			children = (
				69DC3B38B6628B5B643C2CFB /* Pods-iPiggy.debug.xcconfig */,
				0C316BCED5AC8640EB5B07B8 /* Pods-iPiggy.release.xcconfig */,
			);
			path = Pods;
			sourceTree = "<group>";
		};
		8B0EF2ECA651899C46FB0DAE /* Frameworks */ = {
			isa = PBXGroup;
			children = (
				E57A5E7D16D5AD6D2DD7C51B /* Pods_iPiggy.framework */,
			);
			name = Frameworks;
			sourceTree = "<group>";
		};
		A34C3C4323570D25001FD378 = {
			isa = PBXGroup;
			children = (
				A34C3C4E23570D25001FD378 /* iPiggy */,
				A34C3C4D23570D25001FD378 /* Products */,
				15FD46AA9480606E3E503DFA /* Pods */,
				8B0EF2ECA651899C46FB0DAE /* Frameworks */,
			);
			sourceTree = "<group>";
		};
		A34C3C4D23570D25001FD378 /* Products */ = {
			isa = PBXGroup;
			children = (
				A34C3C4C23570D25001FD378 /* iPiggy.app */,
			);
			name = Products;
			sourceTree = "<group>";
		};
		A34C3C4E23570D25001FD378 /* iPiggy */ = {
			isa = PBXGroup;
			children = (
				A34C3C69235765A9001FD378 /* Source_Code */,
				A34C3C682357657A001FD378 /* Storyboards */,
				A34C3C5B23570D26001FD378 /* Assets.xcassets */,
				A34C3C6023570D26001FD378 /* Info.plist */,
				A34C3C5D23570D26001FD378 /* LaunchScreen.storyboard */,
				A34C3C5823570D25001FD378 /* iPiggy.xcdatamodeld */,
			);
			path = iPiggy;
			sourceTree = "<group>";
		};
		A34C3C682357657A001FD378 /* Storyboards */ = {
			isa = PBXGroup;
			children = (
				A34C3C6C235768CD001FD378 /* Main.storyboard */,
				A34C3C5523570D25001FD378 /* CalendarMonthly.storyboard */,
				A34C3C662357647F001FD378 /* CalendarYearly.storyboard */,
				A34C3C6A235768B0001FD378 /* Achievement.storyboard */,
			);
			path = Storyboards;
			sourceTree = "<group>";
		};
		A34C3C69235765A9001FD378 /* Source_Code */ = {
			isa = PBXGroup;
			children = (
				A34C3C4F23570D25001FD378 /* AppDelegate.swift */,
				A34C3C5123570D25001FD378 /* SceneDelegate.swift */,
				A37E28F923619B340048E9F8 /* CollectionViewCells */,
				A34C3D0A235DD728001FD378 /* Constants */,
				A34C3D47235EA33C001FD378 /* DataDrivers */,
				A34C3D0D235DD822001FD378 /* Methods */,
				A34C3D19235DDE69001FD378 /* TableViewCells */,
				A34C3D09235DCDF6001FD378 /* ViewControllers */,
			);
			path = Source_Code;
			sourceTree = "<group>";
		};
		A34C3D09235DCDF6001FD378 /* ViewControllers */ = {
			isa = PBXGroup;
			children = (
				A34C3D1C235DE7AB001FD378 /* AchievementFormVC.swift */,
				A34C3D54235EE650001FD378 /* AchievementVC.swift */,
				A34C3D1E235E8119001FD378 /* AddExpensesVC.swift */,
				A34C3D17235DDCEC001FD378 /* EditFundsVC.swift */,
				A34C3D4C235EB4A3001FD378 /* EditGoalsVC.swift */,
				A34C3D45235EA291001FD378 /* HistoryVC.swift */,
				A34C3D05235D9261001FD378 /* HomepageVC.swift */,
				A37E28F7236134D90048E9F8 /* WishlistDetailsVC.swift */,
				A37E29002361AE190048E9F8 /* YearlyCalendarVC.swift */,
				A37E29042361D0110048E9F8 /* MonthlyCalendarVC.swift */,
			);
			path = ViewControllers;
			sourceTree = "<group>";
		};
		A34C3D0A235DD728001FD378 /* Constants */ = {
			isa = PBXGroup;
			children = (
				A34C3D0B235DD774001FD378 /* Constants.swift */,
				A34C3D4A235EAC48001FD378 /* Globals.swift */,
			);
			path = Constants;
			sourceTree = "<group>";
		};
		A34C3D0D235DD822001FD378 /* Methods */ = {
			isa = PBXGroup;
			children = (
				A34C3D0E235DD835001FD378 /* Methods.swift */,
			);
			path = Methods;
			sourceTree = "<group>";
		};
		A34C3D19235DDE69001FD378 /* TableViewCells */ = {
			isa = PBXGroup;
			children = (
				A34C3D1A235DE0FF001FD378 /* WishlistTableCell.swift */,
				A34C3D43235EA184001FD378 /* HistoryTableViewCell.swift */,
				A34C3D52235EE075001FD378 /* AchievementTableCell.swift */,
				A35AEDDC236261290065963C /* YearlyAchievementTableCell.swift */,
				A35AEDE423647B9F0065963C /* MonthAchievementTableViewCell.swift */,
			);
			path = TableViewCells;
			sourceTree = "<group>";
		};
		A34C3D47235EA33C001FD378 /* DataDrivers */ = {
			isa = PBXGroup;
			children = (
				A34C3D48235EA34A001FD378 /* History.swift */,
			);
			path = DataDrivers;
			sourceTree = "<group>";
		};
		A37E28F923619B340048E9F8 /* CollectionViewCells */ = {
			isa = PBXGroup;
			children = (
				A37E28FA23619B660048E9F8 /* YearMonthCalendarCVC.swift */,
				A37E28FE2361AD700048E9F8 /* YearDayCalendarCVC.swift */,
				A37E29062361D06C0048E9F8 /* MonthlyCalendarCVC.swift */,
				A35AEDE223629D6A0065963C /* MonthlyCalendarDaysCVC.swift */,
			);
			path = CollectionViewCells;
			sourceTree = "<group>";
		};
/* End PBXGroup section */

/* Begin PBXNativeTarget section */
		A34C3C4B23570D25001FD378 /* iPiggy */ = {
			isa = PBXNativeTarget;
			buildConfigurationList = A34C3C6323570D26001FD378 /* Build configuration list for PBXNativeTarget "iPiggy" */;
			buildPhases = (
				56863CE94832E2A350765A5B /* [CP] Check Pods Manifest.lock */,
				A34C3C4823570D25001FD378 /* Sources */,
				A34C3C4923570D25001FD378 /* Frameworks */,
				A34C3C4A23570D25001FD378 /* Resources */,
				EDBE56D7AA3D4D5558CE5D4D /* [CP] Embed Pods Frameworks */,
			);
			buildRules = (
			);
			dependencies = (
			);
			name = iPiggy;
			productName = iPiggy;
			productReference = A34C3C4C23570D25001FD378 /* iPiggy.app */;
			productType = "com.apple.product-type.application";
		};
/* End PBXNativeTarget section */

/* Begin PBXProject section */
		A34C3C4423570D25001FD378 /* Project object */ = {
			isa = PBXProject;
			attributes = {
				LastSwiftUpdateCheck = 1110;
				LastUpgradeCheck = 1110;
				ORGANIZATIONNAME = "Gardyan Akbar";
				TargetAttributes = {
					A34C3C4B23570D25001FD378 = {
						CreatedOnToolsVersion = 11.1;
					};
				};
			};
			buildConfigurationList = A34C3C4723570D25001FD378 /* Build configuration list for PBXProject "iPiggy" */;
			compatibilityVersion = "Xcode 9.3";
			developmentRegion = en;
			hasScannedForEncodings = 0;
			knownRegions = (
				en,
				Base,
			);
			mainGroup = A34C3C4323570D25001FD378;
			productRefGroup = A34C3C4D23570D25001FD378 /* Products */;
			projectDirPath = "";
			projectRoot = "";
			targets = (
				A34C3C4B23570D25001FD378 /* iPiggy */,
			);
		};
/* End PBXProject section */

/* Begin PBXResourcesBuildPhase section */
		A34C3C4A23570D25001FD378 /* Resources */ = {
			isa = PBXResourcesBuildPhase;
			buildActionMask = 2147483647;
			files = (
				A34C3C6B235768B0001FD378 /* Achievement.storyboard in Resources */,
				A34C3C5F23570D26001FD378 /* LaunchScreen.storyboard in Resources */,
				A34C3C5C23570D26001FD378 /* Assets.xcassets in Resources */,
				A34C3C5723570D25001FD378 /* CalendarMonthly.storyboard in Resources */,
				A34C3C6D235768CD001FD378 /* Main.storyboard in Resources */,
				A34C3C672357647F001FD378 /* CalendarYearly.storyboard in Resources */,
			);
			runOnlyForDeploymentPostprocessing = 0;
		};
/* End PBXResourcesBuildPhase section */

/* Begin PBXShellScriptBuildPhase section */
		56863CE94832E2A350765A5B /* [CP] Check Pods Manifest.lock */ = {
			isa = PBXShellScriptBuildPhase;
			buildActionMask = 2147483647;
			files = (
			);
			inputFileListPaths = (
			);
			inputPaths = (
				"${PODS_PODFILE_DIR_PATH}/Podfile.lock",
				"${PODS_ROOT}/Manifest.lock",
			);
			name = "[CP] Check Pods Manifest.lock";
			outputFileListPaths = (
			);
			outputPaths = (
				"$(DERIVED_FILE_DIR)/Pods-iPiggy-checkManifestLockResult.txt",
			);
			runOnlyForDeploymentPostprocessing = 0;
			shellPath = /bin/sh;
			shellScript = "diff \"${PODS_PODFILE_DIR_PATH}/Podfile.lock\" \"${PODS_ROOT}/Manifest.lock\" > /dev/null\nif [ $? != 0 ] ; then\n    # print error to STDERR\n    echo \"error: The sandbox is not in sync with the Podfile.lock. Run 'pod install' or update your CocoaPods installation.\" >&2\n    exit 1\nfi\n# This output is used by Xcode 'outputs' to avoid re-running this script phase.\necho \"SUCCESS\" > \"${SCRIPT_OUTPUT_FILE_0}\"\n";
			showEnvVarsInLog = 0;
		};
		EDBE56D7AA3D4D5558CE5D4D /* [CP] Embed Pods Frameworks */ = {
			isa = PBXShellScriptBuildPhase;
			buildActionMask = 2147483647;
			files = (
			);
			inputFileListPaths = (
				"${PODS_ROOT}/Target Support Files/Pods-iPiggy/Pods-iPiggy-frameworks-${CONFIGURATION}-input-files.xcfilelist",
			);
			name = "[CP] Embed Pods Frameworks";
			outputFileListPaths = (
				"${PODS_ROOT}/Target Support Files/Pods-iPiggy/Pods-iPiggy-frameworks-${CONFIGURATION}-output-files.xcfilelist",
			);
			runOnlyForDeploymentPostprocessing = 0;
			shellPath = /bin/sh;
			shellScript = "\"${PODS_ROOT}/Target Support Files/Pods-iPiggy/Pods-iPiggy-frameworks.sh\"\n";
			showEnvVarsInLog = 0;
		};
/* End PBXShellScriptBuildPhase section */

/* Begin PBXSourcesBuildPhase section */
		A34C3C4823570D25001FD378 /* Sources */ = {
			isa = PBXSourcesBuildPhase;
			buildActionMask = 2147483647;
			files = (
				A37E29072361D06C0048E9F8 /* MonthlyCalendarCVC.swift in Sources */,
				A37E29052361D0110048E9F8 /* MonthlyCalendarVC.swift in Sources */,
				A37E28F8236134D90048E9F8 /* WishlistDetailsVC.swift in Sources */,
				A35AEDE523647B9F0065963C /* MonthAchievementTableViewCell.swift in Sources */,
				A34C3D0C235DD774001FD378 /* Constants.swift in Sources */,
				A34C3D46235EA291001FD378 /* HistoryVC.swift in Sources */,
				A37E28FF2361AD700048E9F8 /* YearDayCalendarCVC.swift in Sources */,
				A34C3C5A23570D25001FD378 /* iPiggy.xcdatamodeld in Sources */,
				A34C3D53235EE075001FD378 /* AchievementTableCell.swift in Sources */,
				A34C3C5023570D25001FD378 /* AppDelegate.swift in Sources */,
				A34C3D55235EE650001FD378 /* AchievementVC.swift in Sources */,
				A34C3D1F235E8119001FD378 /* AddExpensesVC.swift in Sources */,
				A34C3D06235D9261001FD378 /* HomepageVC.swift in Sources */,
				A35AEDDD236261290065963C /* YearlyAchievementTableCell.swift in Sources */,
				A35AEDE323629D6A0065963C /* MonthlyCalendarDaysCVC.swift in Sources */,
				A34C3D0F235DD835001FD378 /* Methods.swift in Sources */,
				A34C3D1B235DE0FF001FD378 /* WishlistTableCell.swift in Sources */,
				A34C3D4D235EB4A3001FD378 /* EditGoalsVC.swift in Sources */,
				A34C3C5223570D25001FD378 /* SceneDelegate.swift in Sources */,
				A34C3D44235EA184001FD378 /* HistoryTableViewCell.swift in Sources */,
				A37E28FB23619B660048E9F8 /* YearMonthCalendarCVC.swift in Sources */,
				A34C3D49235EA34A001FD378 /* History.swift in Sources */,
				A34C3D1D235DE7AB001FD378 /* AchievementFormVC.swift in Sources */,
				A34C3D4B235EAC48001FD378 /* Globals.swift in Sources */,
				A37E29012361AE190048E9F8 /* YearlyCalendarVC.swift in Sources */,
				A34C3D18235DDCEC001FD378 /* EditFundsVC.swift in Sources */,
			);
			runOnlyForDeploymentPostprocessing = 0;
		};
/* End PBXSourcesBuildPhase section */

/* Begin PBXVariantGroup section */
		A34C3C5523570D25001FD378 /* CalendarMonthly.storyboard */ = {
			isa = PBXVariantGroup;
			children = (
				A34C3C5623570D25001FD378 /* Base */,
			);
			name = CalendarMonthly.storyboard;
			sourceTree = "<group>";
		};
		A34C3C5D23570D26001FD378 /* LaunchScreen.storyboard */ = {
			isa = PBXVariantGroup;
			children = (
				A34C3C5E23570D26001FD378 /* Base */,
			);
			name = LaunchScreen.storyboard;
			sourceTree = "<group>";
		};
/* End PBXVariantGroup section */

/* Begin XCBuildConfiguration section */
		A34C3C6123570D26001FD378 /* Debug */ = {
			isa = XCBuildConfiguration;
			buildSettings = {
				ALWAYS_SEARCH_USER_PATHS = NO;
				CLANG_ANALYZER_NONNULL = YES;
				CLANG_ANALYZER_NUMBER_OBJECT_CONVERSION = YES_AGGRESSIVE;
				CLANG_CXX_LANGUAGE_STANDARD = "gnu++14";
				CLANG_CXX_LIBRARY = "libc++";
				CLANG_ENABLE_MODULES = YES;
				CLANG_ENABLE_OBJC_ARC = YES;
				CLANG_ENABLE_OBJC_WEAK = YES;
				CLANG_WARN_BLOCK_CAPTURE_AUTORELEASING = YES;
				CLANG_WARN_BOOL_CONVERSION = YES;
				CLANG_WARN_COMMA = YES;
				CLANG_WARN_CONSTANT_CONVERSION = YES;
				CLANG_WARN_DEPRECATED_OBJC_IMPLEMENTATIONS = YES;
				CLANG_WARN_DIRECT_OBJC_ISA_USAGE = YES_ERROR;
				CLANG_WARN_DOCUMENTATION_COMMENTS = YES;
				CLANG_WARN_EMPTY_BODY = YES;
				CLANG_WARN_ENUM_CONVERSION = YES;
				CLANG_WARN_INFINITE_RECURSION = YES;
				CLANG_WARN_INT_CONVERSION = YES;
				CLANG_WARN_NON_LITERAL_NULL_CONVERSION = YES;
				CLANG_WARN_OBJC_IMPLICIT_RETAIN_SELF = YES;
				CLANG_WARN_OBJC_LITERAL_CONVERSION = YES;
				CLANG_WARN_OBJC_ROOT_CLASS = YES_ERROR;
				CLANG_WARN_RANGE_LOOP_ANALYSIS = YES;
				CLANG_WARN_STRICT_PROTOTYPES = YES;
				CLANG_WARN_SUSPICIOUS_MOVE = YES;
				CLANG_WARN_UNGUARDED_AVAILABILITY = YES_AGGRESSIVE;
				CLANG_WARN_UNREACHABLE_CODE = YES;
				CLANG_WARN__DUPLICATE_METHOD_MATCH = YES;
				COPY_PHASE_STRIP = NO;
				DEBUG_INFORMATION_FORMAT = dwarf;
				ENABLE_STRICT_OBJC_MSGSEND = YES;
				ENABLE_TESTABILITY = YES;
				GCC_C_LANGUAGE_STANDARD = gnu11;
				GCC_DYNAMIC_NO_PIC = NO;
				GCC_NO_COMMON_BLOCKS = YES;
				GCC_OPTIMIZATION_LEVEL = 0;
				GCC_PREPROCESSOR_DEFINITIONS = (
					"DEBUG=1",
					"$(inherited)",
				);
				GCC_WARN_64_TO_32_BIT_CONVERSION = YES;
				GCC_WARN_ABOUT_RETURN_TYPE = YES_ERROR;
				GCC_WARN_UNDECLARED_SELECTOR = YES;
				GCC_WARN_UNINITIALIZED_AUTOS = YES_AGGRESSIVE;
				GCC_WARN_UNUSED_FUNCTION = YES;
				GCC_WARN_UNUSED_VARIABLE = YES;
				IPHONEOS_DEPLOYMENT_TARGET = 13.0;
				MTL_ENABLE_DEBUG_INFO = INCLUDE_SOURCE;
				MTL_FAST_MATH = YES;
				ONLY_ACTIVE_ARCH = YES;
				SDKROOT = iphoneos;
				SWIFT_ACTIVE_COMPILATION_CONDITIONS = DEBUG;
				SWIFT_OPTIMIZATION_LEVEL = "-Onone";
			};
			name = Debug;
		};
		A34C3C6223570D26001FD378 /* Release */ = {
			isa = XCBuildConfiguration;
			buildSettings = {
				ALWAYS_SEARCH_USER_PATHS = NO;
				CLANG_ANALYZER_NONNULL = YES;
				CLANG_ANALYZER_NUMBER_OBJECT_CONVERSION = YES_AGGRESSIVE;
				CLANG_CXX_LANGUAGE_STANDARD = "gnu++14";
				CLANG_CXX_LIBRARY = "libc++";
				CLANG_ENABLE_MODULES = YES;
				CLANG_ENABLE_OBJC_ARC = YES;
				CLANG_ENABLE_OBJC_WEAK = YES;
				CLANG_WARN_BLOCK_CAPTURE_AUTORELEASING = YES;
				CLANG_WARN_BOOL_CONVERSION = YES;
				CLANG_WARN_COMMA = YES;
				CLANG_WARN_CONSTANT_CONVERSION = YES;
				CLANG_WARN_DEPRECATED_OBJC_IMPLEMENTATIONS = YES;
				CLANG_WARN_DIRECT_OBJC_ISA_USAGE = YES_ERROR;
				CLANG_WARN_DOCUMENTATION_COMMENTS = YES;
				CLANG_WARN_EMPTY_BODY = YES;
				CLANG_WARN_ENUM_CONVERSION = YES;
				CLANG_WARN_INFINITE_RECURSION = YES;
				CLANG_WARN_INT_CONVERSION = YES;
				CLANG_WARN_NON_LITERAL_NULL_CONVERSION = YES;
				CLANG_WARN_OBJC_IMPLICIT_RETAIN_SELF = YES;
				CLANG_WARN_OBJC_LITERAL_CONVERSION = YES;
				CLANG_WARN_OBJC_ROOT_CLASS = YES_ERROR;
				CLANG_WARN_RANGE_LOOP_ANALYSIS = YES;
				CLANG_WARN_STRICT_PROTOTYPES = YES;
				CLANG_WARN_SUSPICIOUS_MOVE = YES;
				CLANG_WARN_UNGUARDED_AVAILABILITY = YES_AGGRESSIVE;
				CLANG_WARN_UNREACHABLE_CODE = YES;
				CLANG_WARN__DUPLICATE_METHOD_MATCH = YES;
				COPY_PHASE_STRIP = NO;
				DEBUG_INFORMATION_FORMAT = "dwarf-with-dsym";
				ENABLE_NS_ASSERTIONS = NO;
				ENABLE_STRICT_OBJC_MSGSEND = YES;
				GCC_C_LANGUAGE_STANDARD = gnu11;
				GCC_NO_COMMON_BLOCKS = YES;
				GCC_WARN_64_TO_32_BIT_CONVERSION = YES;
				GCC_WARN_ABOUT_RETURN_TYPE = YES_ERROR;
				GCC_WARN_UNDECLARED_SELECTOR = YES;
				GCC_WARN_UNINITIALIZED_AUTOS = YES_AGGRESSIVE;
				GCC_WARN_UNUSED_FUNCTION = YES;
				GCC_WARN_UNUSED_VARIABLE = YES;
				IPHONEOS_DEPLOYMENT_TARGET = 13.0;
				MTL_ENABLE_DEBUG_INFO = NO;
				MTL_FAST_MATH = YES;
				SDKROOT = iphoneos;
				SWIFT_COMPILATION_MODE = wholemodule;
				SWIFT_OPTIMIZATION_LEVEL = "-O";
				VALIDATE_PRODUCT = YES;
			};
			name = Release;
		};
		A34C3C6423570D26001FD378 /* Debug */ = {
			isa = XCBuildConfiguration;
			baseConfigurationReference = 69DC3B38B6628B5B643C2CFB /* Pods-iPiggy.debug.xcconfig */;
			buildSettings = {
				ASSETCATALOG_COMPILER_APPICON_NAME = AppIcon;
				CODE_SIGN_STYLE = Manual;
				DEVELOPMENT_TEAM = "";
				INFOPLIST_FILE = iPiggy/Info.plist;
				LD_RUNPATH_SEARCH_PATHS = (
					"$(inherited)",
					"@executable_path/Frameworks",
				);
				PRODUCT_BUNDLE_IDENTIFIER = com.gardyan.iPiggy;
				PRODUCT_NAME = "$(TARGET_NAME)";
				PROVISIONING_PROFILE_SPECIFIER = "";
				SWIFT_VERSION = 5.0;
				TARGETED_DEVICE_FAMILY = "1,2";
			};
			name = Debug;
		};
		A34C3C6523570D26001FD378 /* Release */ = {
			isa = XCBuildConfiguration;
			baseConfigurationReference = 0C316BCED5AC8640EB5B07B8 /* Pods-iPiggy.release.xcconfig */;
			buildSettings = {
				ASSETCATALOG_COMPILER_APPICON_NAME = AppIcon;
				CODE_SIGN_STYLE = Manual;
				DEVELOPMENT_TEAM = "";
				INFOPLIST_FILE = iPiggy/Info.plist;
				LD_RUNPATH_SEARCH_PATHS = (
					"$(inherited)",
					"@executable_path/Frameworks",
				);
				PRODUCT_BUNDLE_IDENTIFIER = com.gardyan.iPiggy;
				PRODUCT_NAME = "$(TARGET_NAME)";
				PROVISIONING_PROFILE_SPECIFIER = "";
				SWIFT_VERSION = 5.0;
				TARGETED_DEVICE_FAMILY = "1,2";
			};
			name = Release;
		};
/* End XCBuildConfiguration section */

/* Begin XCConfigurationList section */
		A34C3C4723570D25001FD378 /* Build configuration list for PBXProject "iPiggy" */ = {
			isa = XCConfigurationList;
			buildConfigurations = (
				A34C3C6123570D26001FD378 /* Debug */,
				A34C3C6223570D26001FD378 /* Release */,
			);
			defaultConfigurationIsVisible = 0;
			defaultConfigurationName = Release;
		};
		A34C3C6323570D26001FD378 /* Build configuration list for PBXNativeTarget "iPiggy" */ = {
			isa = XCConfigurationList;
			buildConfigurations = (
				A34C3C6423570D26001FD378 /* Debug */,
				A34C3C6523570D26001FD378 /* Release */,
			);
			defaultConfigurationIsVisible = 0;
			defaultConfigurationName = Release;
		};
/* End XCConfigurationList section */

/* Begin XCVersionGroup section */
		A34C3C5823570D25001FD378 /* iPiggy.xcdatamodeld */ = {
			isa = XCVersionGroup;
			children = (
				A34C3C5923570D25001FD378 /* iPiggy.xcdatamodel */,
			);
			currentVersion = A34C3C5923570D25001FD378 /* iPiggy.xcdatamodel */;
			path = iPiggy.xcdatamodeld;
			sourceTree = "<group>";
			versionGroupType = wrapper.xcdatamodel;
		};
/* End XCVersionGroup section */
	};
	rootObject = A34C3C4423570D25001FD378 /* Project object */;
}
